
Microsoft Visual Studio Solution File, Format Version 12.00
Project("{FAE04EC0-301F-11D3-BF4B-00C04F79EFBC}") = "Pocketbook", "Pocketbook\Pocketbook.csproj", "{D43D2B89-FCC1-44EA-B62C-881736DE57DD}"
EndProject
Global
	GlobalSection(SolutionConfigurationPlatforms) = preSolution
		Debug|Any CPU = Debug|Any CPU
		Release|Any CPU = Release|Any CPU
	EndGlobalSection
	GlobalSection(ProjectConfigurationPlatforms) = postSolution
		{D43D2B89-FCC1-44EA-B62C-881736DE57DD}.Debug|Any CPU.ActiveCfg = Debug|Any CPU
		{D43D2B89-FCC1-44EA-B62C-881736DE57DD}.Debug|Any CPU.Build.0 = Debug|Any CPU
		{D43D2B89-FCC1-44EA-B62C-881736DE57DD}.Release|Any CPU.ActiveCfg = Release|Any CPU
		{D43D2B89-FCC1-44EA-B62C-881736DE57DD}.Release|Any CPU.Build.0 = Release|Any CPU
	EndGlobalSection
EndGlobal
